
Microsoft Visual Studio Solution File, Format Version 12.00
# Visual Studio Version 16
VisualStudioVersion = 16.0.32228.343
MinimumVisualStudioVersion = 10.0.40219.1
Project("{FAE04EC0-301F-11D3-BF4B-00C04F79EFBC}") = "Agenda.Consola", "Agenda.Consola\Agenda.Consola.csproj", "{A24423C3-4D5F-4773-93C7-9D3A085FDC63}"
EndProject
Project("{FAE04EC0-301F-11D3-BF4B-00C04F79EFBC}") = "Agenda.Dominio", "Agenda.Dominio\Agenda.Dominio.csproj", "{00AC6865-B08A-4811-9F0F-567AE9A203F4}"
EndProject
Global
	GlobalSection(SolutionConfigurationPlatforms) = preSolution
		Debug|Any CPU = Debug|Any CPU
		Release|Any CPU = Release|Any CPU
	EndGlobalSection
	GlobalSection(ProjectConfigurationPlatforms) = postSolution
		{A24423C3-4D5F-4773-93C7-9D3A085FDC63}.Debug|Any CPU.ActiveCfg = Debug|Any CPU
		{A24423C3-4D5F-4773-93C7-9D3A085FDC63}.Debug|Any CPU.Build.0 = Debug|Any CPU
		{A24423C3-4D5F-4773-93C7-9D3A085FDC63}.Release|Any CPU.ActiveCfg = Release|Any CPU
		{A24423C3-4D5F-4773-93C7-9D3A085FDC63}.Release|Any CPU.Build.0 = Release|Any CPU
		{00AC6865-B08A-4811-9F0F-567AE9A203F4}.Debug|Any CPU.ActiveCfg = Debug|Any CPU
		{00AC6865-B08A-4811-9F0F-567AE9A203F4}.Debug|Any CPU.Build.0 = Debug|Any CPU
		{00AC6865-B08A-4811-9F0F-567AE9A203F4}.Release|Any CPU.ActiveCfg = Release|Any CPU
		{00AC6865-B08A-4811-9F0F-567AE9A203F4}.Release|Any CPU.Build.0 = Release|Any CPU
	EndGlobalSection
	GlobalSection(SolutionProperties) = preSolution
		HideSolutionNode = FALSE
	EndGlobalSection
	GlobalSection(ExtensibilityGlobals) = postSolution
		SolutionGuid = {CF1ADFDE-7DD5-4A55-83E2-AF3D8885DD51}
	EndGlobalSection
EndGlobal
