
Microsoft Visual Studio Solution File, Format Version 12.00
# Visual Studio Version 16
VisualStudioVersion = 16.0.32228.343
MinimumVisualStudioVersion = 10.0.40219.1
Project("{FAE04EC0-301F-11D3-BF4B-00C04F79EFBC}") = "Ejercicio10", "Ejercicio10\Ejercicio10.csproj", "{96B58793-2BF0-44A3-A74A-F8980FA50719}"
EndProject
Global
	GlobalSection(SolutionConfigurationPlatforms) = preSolution
		Debug|Any CPU = Debug|Any CPU
		Release|Any CPU = Release|Any CPU
	EndGlobalSection
	GlobalSection(ProjectConfigurationPlatforms) = postSolution
		{96B58793-2BF0-44A3-A74A-F8980FA50719}.Debug|Any CPU.ActiveCfg = Debug|Any CPU
		{96B58793-2BF0-44A3-A74A-F8980FA50719}.Debug|Any CPU.Build.0 = Debug|Any CPU
		{96B58793-2BF0-44A3-A74A-F8980FA50719}.Release|Any CPU.ActiveCfg = Release|Any CPU
		{96B58793-2BF0-44A3-A74A-F8980FA50719}.Release|Any CPU.Build.0 = Release|Any CPU
	EndGlobalSection
	GlobalSection(SolutionProperties) = preSolution
		HideSolutionNode = FALSE
	EndGlobalSection
	GlobalSection(ExtensibilityGlobals) = postSolution
		SolutionGuid = {1A30A448-C540-485C-86B9-04052158C0BB}
	EndGlobalSection
EndGlobal
